
Microsoft Visual Studio Solution File, Format Version 12.00
# Visual Studio Version 16
VisualStudioVersion = 16.0.30523.141
MinimumVisualStudioVersion = 10.0.40219.1
Project("{FAE04EC0-301F-11D3-BF4B-00C04F79EFBC}") = "Contact_Application", "Contact_Application.csproj", "{628FE3B1-7E79-4C67-BD28-2E61335E8192}"
EndProject
Global
	GlobalSection(SolutionConfigurationPlatforms) = preSolution
		Debug|Any CPU = Debug|Any CPU
		Release|Any CPU = Release|Any CPU
	EndGlobalSection
	GlobalSection(ProjectConfigurationPlatforms) = postSolution
		{628FE3B1-7E79-4C67-BD28-2E61335E8192}.Debug|Any CPU.ActiveCfg = Debug|Any CPU
		{628FE3B1-7E79-4C67-BD28-2E61335E8192}.Debug|Any CPU.Build.0 = Debug|Any CPU
		{628FE3B1-7E79-4C67-BD28-2E61335E8192}.Release|Any CPU.ActiveCfg = Release|Any CPU
		{628FE3B1-7E79-4C67-BD28-2E61335E8192}.Release|Any CPU.Build.0 = Release|Any CPU
	EndGlobalSection
	GlobalSection(SolutionProperties) = preSolution
		HideSolutionNode = FALSE
	EndGlobalSection
	GlobalSection(ExtensibilityGlobals) = postSolution
		SolutionGuid = {67D95AE3-E08E-4876-9211-4A25A5330D5A}
	EndGlobalSection
EndGlobal
